<?xml version="1.0" encoding="utf-8"?>
<Project ToolsVersion="4.0" xmlns="http://schemas.microsoft.com/developer/msbuild/2003">
  <ItemGroup>
    <Filter Include="Files">
      <UniqueIdentifier>{ca50f55b-5218-4876-9734-37a0b8821f8e}</UniqueIdentifier>
    </Filter>
  </ItemGroup>
  <ItemGroup>
    <ClCompile Include="..\..\..\TestFiles\01Window\Main.cpp">
      <Filter>Files</Filter>
    </ClCompile>
  </ItemGroup>
</Project>